
Microsoft Visual Studio Solution File, Format Version 12.00
# Visual Studio Version 17
VisualStudioVersion = 17.9.34728.123
MinimumVisualStudioVersion = 10.0.40219.1
Project("{FAE04EC0-301F-11D3-BF4B-00C04F79EFBC}") = "RealEstateApi", "RealEstateApi\RealEstateApi.csproj", "{C7DA7234-762A-49A2-8578-FD4AEB25C99D}"
EndProject
Global
	GlobalSection(SolutionConfigurationPlatforms) = preSolution
		Debug|Any CPU = Debug|Any CPU
		Release|Any CPU = Release|Any CPU
	EndGlobalSection
	GlobalSection(ProjectConfigurationPlatforms) = postSolution
		{C7DA7234-762A-49A2-8578-FD4AEB25C99D}.Debug|Any CPU.ActiveCfg = Debug|Any CPU
		{C7DA7234-762A-49A2-8578-FD4AEB25C99D}.Debug|Any CPU.Build.0 = Debug|Any CPU
		{C7DA7234-762A-49A2-8578-FD4AEB25C99D}.Release|Any CPU.ActiveCfg = Release|Any CPU
		{C7DA7234-762A-49A2-8578-FD4AEB25C99D}.Release|Any CPU.Build.0 = Release|Any CPU
	EndGlobalSection
	GlobalSection(SolutionProperties) = preSolution
		HideSolutionNode = FALSE
	EndGlobalSection
	GlobalSection(ExtensibilityGlobals) = postSolution
		SolutionGuid = {261539EE-5C65-47E4-BB4B-6ECCA032F2B7}
	EndGlobalSection
EndGlobal
